{
  "lockfile_version": "1",
  "packages": {
    "git@2.55.0": {
      "last_modified": "2026-09-30T11:58:46Z",
      "resolved": "github:NixOS/nixpkgs/c9fe7d12cd78d1adcd12dd15e24432dde5b155a0#git",
      "source": "devbox-search",
      "version": "2.55.0",
      "systems": {
        "aarch64-darwin": {
          "outputs": [
            {
              "name": "out",
              "path": "/nix/store/gw7c7m0dwca5lg4152x9lpmxpj171bzw-git-2.55.0",
              "default": true
            },
            {
              "name": "doc",
              "path": "/nix/store/0f4p7kbl8hsdvynpk8n951bcbdx7qn3j-git-2.55.0-doc"
            }
          ],
          "store_path": "/nix/store/gw7c7m0dwca5lg4152x9lpmxpj171bzw-git-2.55.0"
        },
        "aarch64-linux": {
          "outputs": [
            {
              "name": "out",
              "path": "/nix/store/kj6aff4gmz3snpp35rl3gysbl9srd81a-git-2.55.0",
              "default": true
            },
            {
              "name": "debug",
              "path": "/nix/store/8l21kawpzlskyby6dhkjmdyamp34irpv-git-2.55.0-debug"
            },
            {
              "name": "doc",
              "path": "/nix/store/gzjmfgd110655anwlnj6qlj5ws8vacn2-git-2.55.0-doc"
            }
          ],
          "store_path": "/nix/store/kj6aff4gmz3snpp35rl3gysbl9srd81a-git-2.55.0"
        },
        "x86_64-linux": {
          "outputs": [
            {
              "name": "out",
              "path": "/nix/store/lg46w7hrjx7kylsh6645c9l975i8h43b-git-2.55.0",
              "default": true
            },
            {
              "name": "debug",
              "path": "/nix/store/jfnrrjgvhv0la9dpzb1yxg8bx2gf9aii-git-2.55.0-debug"
            },
            {
              "name": "doc",
              "path": "/nix/store/5f39kd6g3irac28rgk89yqwaamaj01rx-git-2.55.0-doc"
            }
          ],
          "store_path": "/nix/store/lg46w7hrjx7kylsh6645c9l975i8h43b-git-2.55.0"
        }
      }
    },
    "github:NixOS/nixpkgs/nixpkgs-unstable": {
      "last_modified": "2026-09-30T11:58:46Z",
      "resolved": "github:NixOS/nixpkgs/c9fe7d12cd78d1adcd12dd15e24432dde5b155a0?lastModified=1790769526&narHash=sha256-5AIVFLRcx8YAwbFTVPTs7YhwJH7JyHfAQsvXmpovcXI%3D"
    },
    "postgresql@18.6": {
      "last_modified": "2026-09-30T11:58:46Z",
      "resolved": "github:NixOS/nixpkgs/c9fe7d12cd78d1adcd12dd15e24432dde5b155a0#postgresql",
      "source": "devbox-search",
      "version": "18.6",
      "systems": {
        "aarch64-darwin": {
          "outputs": [
            {
              "name": "out",
              "path": "/nix/store/92dhj2zi51bpi7nlfphhhb9g2k6si0ls-postgresql-18.6",
              "default": true
            },
            {
              "name": "man",
              "path": "/nix/store/aywd96p0a80d1l6y0sa456z340f323q4-postgresql-18.6-man",
              "default": true
            },
            {
              "name": "dev",
              "path": "/nix/store/ksakn82bv9ikkhirkyfpq6b77lxxqxp9-postgresql-18.6-dev"
            },
            {
              "name": "doc",
              "path": "/nix/store/y8rkq8c858zb45m6lvr57xh80vdlz96z-postgresql-18.6-doc"
            },
            {
              "name": "jit",
              "path": "/nix/store/jkhy7836ppc7rsq8nydmbgll16b86q54-postgresql-18.6-jit"
            },
            {
              "name": "lib",
              "path": "/nix/store/mdz70v0s0r8jflylic7c0ql1zj3kih4b-postgresql-18.6-lib"
            },
            {
              "name": "plperl",
              "path": "/nix/store/vszf5cp5v6xihs5gqdax36xg55lkf1q1-postgresql-18.6-plperl"
            },
            {
              "name": "plpython3",
              "path": "/nix/store/y7mwi25zly1kvlbpixl50ks9bqzjd5rz-postgresql-18.6-plpython3"
            },
            {
              "name": "pltcl",
              "path": "/nix/store/rgy0rc6q8rl2ln2jx6f4a4b5km3mzb3r-postgresql-18.6-pltcl"
            }
          ],
          "store_path": "/nix/store/92dhj2zi51bpi7nlfphhhb9g2k6si0ls-postgresql-18.6"
        },
        "aarch64-linux": {
          "outputs": [
            {
              "name": "out",
              "path": "/nix/store/kcj2f7hq99xg8sr0d1gdfj9grgzgd6my-postgresql-18.6",
              "default": true
            },
            {
              "name": "man",
              "path": "/nix/store/02py44f93yisivy9g9ywzx8xqqnn12w4-postgresql-18.6-man",
              "default": true
            },
            {
              "name": "debug",
              "path": "/nix/store/lihi8mymr49zqgh4f8yk168nwhv22ds1-postgresql-18.6-debug"
            },
            {
              "name": "dev",
              "path": "/nix/store/s0d0v9c002hd3cbbx2wfxlgaxr3j7b1i-postgresql-18.6-dev"
            },
            {
              "name": "doc",
              "path": "/nix/store/kbn8yk5nx99qh1wf2mjf4nksqlpc1sd6-postgresql-18.6-doc"
            },
            {
              "name": "jit",
              "path": "/nix/store/p2isvc779b7dbjiak38szj3vhrs137zm-postgresql-18.6-jit"
            },
            {
              "name": "lib",
              "path": "/nix/store/awiph4xig1a4mns1lj4909xvzjs66h9c-postgresql-18.6-lib"
            },
            {
              "name": "plperl",
              "path": "/nix/store/b780cfpsp0hqpfiqzxyilhz9v205wfdj-postgresql-18.6-plperl"
            },
            {
              "name": "plpython3",
              "path": "/nix/store/hl7nda8m840zqs5cwhasy77202yzkhpy-postgresql-18.6-plpython3"
            },
            {
              "name": "pltcl",
              "path": "/nix/store/fpqphm2qfww2svwlhs8ffismkp8pyzy3-postgresql-18.6-pltcl"
            }
          ],
          "store_path": "/nix/store/kcj2f7hq99xg8sr0d1gdfj9grgzgd6my-postgresql-18.6"
        },
        "x86_64-linux": {
          "outputs": [
            {
              "name": "out",
              "path": "/nix/store/4nz2y9q8kdn78axpm4jd7c1phmiygg58-postgresql-18.6",
              "default": true
            },
            {
              "name": "man",
              "path": "/nix/store/r52y4h64z9lcraqkf5hrfccwl3gf1zzz-postgresql-18.6-man",
              "default": true
            },
            {
              "name": "debug",
              "path": "/nix/store/ifvz4l7cv75vqlq77zp62y627wyqwbbv-postgresql-18.6-debug"
            },
            {
              "name": "dev",
              "path": "/nix/store/yn9f4rnyzg0jvmr23zbrhdqb0sr66hlh-postgresql-18.6-dev"
            },
            {
              "name": "doc",
              "path": "/nix/store/niib1wi0nvc0k5dsd3rwbhj62i4cj05r-postgresql-18.6-doc"
            },
            {
              "name": "jit",
              "path": "/nix/store/kcfygy3lywrmxw3asy27k20f6dcgjvaj-postgresql-18.6-jit"
            },
            {
              "name": "lib",
              "path": "/nix/store/yi1sv4ygaaf0h02imxlh4061ccigjp2w-postgresql-18.6-lib"
            },
            {
              "name": "plperl",
              "path": "/nix/store/v2airyn1v1ha18iqpz3i0fqwz6clb7k9-postgresql-18.6-plperl"
            },
            {
              "name": "plpython3",
              "path": "/nix/store/n559p4bvrlavllj74c3qxka3a50l9lfh-postgresql-18.6-plpython3"
            },
            {
              "name": "pltcl",
              "path": "/nix/store/jlz7qb5qi37adgn3v2bparp4yxv54ssq-postgresql-18.6-pltcl"
            }
          ],
          "store_path": "/nix/store/4nz2y9q8kdn78axpm4jd7c1phmiygg58-postgresql-18.6"
        }
      }
    },
    "python@3.13.15": {
      "last_modified": "2026-09-30T11:58:46Z",
      "resolved": "github:NixOS/nixpkgs/c9fe7d12cd78d1adcd12dd15e24432dde5b155a0#python313",
      "source": "devbox-search",
      "version": "3.13.15",
      "systems": {
        "aarch64-darwin": {
          "outputs": [
            {
              "name": "out",
              "path": "/nix/store/ydlh8id2c98nnlhiy87hwhalg501p1j5-python3-3.13.15",
              "default": true
            }
          ],
          "store_path": "/nix/store/ydlh8id2c98nnlhiy87hwhalg501p1j5-python3-3.13.15"
        },
        "aarch64-linux": {
          "outputs": [
            {
              "name": "out",
              "path": "/nix/store/v3n38bhgkjylj7wxk2shklk6yavasxnh-python3-3.13.15",
              "default": true
            },
            {
              "name": "debug",
              "path": "/nix/store/cd7vbs9y5f0x2mglwja1754sgvnvrdvh-python3-3.13.15-debug"
            }
          ],
          "store_path": "/nix/store/v3n38bhgkjylj7wxk2shklk6yavasxnh-python3-3.13.15"
        },
        "x86_64-linux": {
          "outputs": [
            {
              "name": "out",
              "path": "/nix/store/3gzjs8czrk47y7cpmr44jc568vqpb2p5-python3-3.13.15",
              "default": true
            },
            {
              "name": "debug",
              "path": "/nix/store/r61fvgv4bavfaqiha0p6869jv4c0h488-python3-3.13.15-debug"
            }
          ],
          "store_path": "/nix/store/3gzjs8czrk47y7cpmr44jc568vqpb2p5-python3-3.13.15"
        }
      }
    },
    "uv@0.12.17": {
      "last_modified": "2026-09-30T11:58:46Z",
      "resolved": "github:NixOS/nixpkgs/c9fe7d12cd78d1adcd12dd15e24432dde5b155a0#uv",
      "source": "devbox-search",
      "version": "0.12.17",
      "systems": {
        "aarch64-darwin": {
          "outputs": [
            {
              "name": "out",
              "path": "/nix/store/956crlqxr9shs82arpb2ffsil0xln44y-uv-0.12.17",
              "default": true
            }
          ],
          "store_path": "/nix/store/956crlqxr9shs82arpb2ffsil0xln44y-uv-0.12.17"
        },
        "aarch64-linux": {
          "outputs": [
            {
              "name": "out",
              "path": "/nix/store/64q43jd62h1h6zcdh4ly2yk8vrlyjm4s-uv-0.12.17",
              "default": true
            }
          ],
          "store_path": "/nix/store/64q43jd62h1h6zcdh4ly2yk8vrlyjm4s-uv-0.12.17"
        },
        "x86_64-linux": {
          "outputs": [
            {
              "name": "out",
              "path": "/nix/store/wqpy2j3r0hjlmjyvq0wpd08rm5zn722y-uv-0.12.17",
              "default": true
            }
          ],
          "store_path": "/nix/store/wqpy2j3r0hjlmjyvq0wpd08rm5zn722y-uv-0.12.17"
        }
      }
    }
  }
}
